
Microsoft Visual Studio Solution File, Format Version 12.00
# Visual Studio 15
VisualStudioVersion = 15.0.27703.2047
MinimumVisualStudioVersion = 10.0.40219.1
Project("{FAE04EC0-301F-11D3-BF4B-00C04F79EFBC}") = "Proyect__colmena", "Proyect__colmena\Proyect__colmena.csproj", "{BEADFA50-D833-46BA-86E6-12A663119A9E}"
EndProject
Project("{FAE04EC0-301F-11D3-BF4B-00C04F79EFBC}") = "Dominio", "Dominio\Dominio.csproj", "{EA21ECBF-163E-4816-9D49-DE7BA1E4A584}"
EndProject
Project("{FAE04EC0-301F-11D3-BF4B-00C04F79EFBC}") = "Persistencia", "Persistencia\Persistencia.csproj", "{855FFAC1-9A1B-4DD2-86D3-AC91EED06926}"
EndProject
Project("{FAE04EC0-301F-11D3-BF4B-00C04F79EFBC}") = "Aplicacion", "Aplicacion\Aplicacion.csproj", "{3122B269-4C5C-4B26-AFC4-5C81426FF8D0}"
EndProject
Global
	GlobalSection(SolutionConfigurationPlatforms) = preSolution
		Debug|Any CPU = Debug|Any CPU
		Release|Any CPU = Release|Any CPU
	EndGlobalSection
	GlobalSection(ProjectConfigurationPlatforms) = postSolution
		{BEADFA50-D833-46BA-86E6-12A663119A9E}.Debug|Any CPU.ActiveCfg = Debug|Any CPU
		{BEADFA50-D833-46BA-86E6-12A663119A9E}.Debug|Any CPU.Build.0 = Debug|Any CPU
		{BEADFA50-D833-46BA-86E6-12A663119A9E}.Release|Any CPU.ActiveCfg = Release|Any CPU
		{BEADFA50-D833-46BA-86E6-12A663119A9E}.Release|Any CPU.Build.0 = Release|Any CPU
		{EA21ECBF-163E-4816-9D49-DE7BA1E4A584}.Debug|Any CPU.ActiveCfg = Debug|Any CPU
		{EA21ECBF-163E-4816-9D49-DE7BA1E4A584}.Debug|Any CPU.Build.0 = Debug|Any CPU
		{EA21ECBF-163E-4816-9D49-DE7BA1E4A584}.Release|Any CPU.ActiveCfg = Release|Any CPU
		{EA21ECBF-163E-4816-9D49-DE7BA1E4A584}.Release|Any CPU.Build.0 = Release|Any CPU
		{855FFAC1-9A1B-4DD2-86D3-AC91EED06926}.Debug|Any CPU.ActiveCfg = Debug|Any CPU
		{855FFAC1-9A1B-4DD2-86D3-AC91EED06926}.Debug|Any CPU.Build.0 = Debug|Any CPU
		{855FFAC1-9A1B-4DD2-86D3-AC91EED06926}.Release|Any CPU.ActiveCfg = Release|Any CPU
		{855FFAC1-9A1B-4DD2-86D3-AC91EED06926}.Release|Any CPU.Build.0 = Release|Any CPU
		{3122B269-4C5C-4B26-AFC4-5C81426FF8D0}.Debug|Any CPU.ActiveCfg = Debug|Any CPU
		{3122B269-4C5C-4B26-AFC4-5C81426FF8D0}.Debug|Any CPU.Build.0 = Debug|Any CPU
		{3122B269-4C5C-4B26-AFC4-5C81426FF8D0}.Release|Any CPU.ActiveCfg = Release|Any CPU
		{3122B269-4C5C-4B26-AFC4-5C81426FF8D0}.Release|Any CPU.Build.0 = Release|Any CPU
	EndGlobalSection
	GlobalSection(SolutionProperties) = preSolution
		HideSolutionNode = FALSE
	EndGlobalSection
	GlobalSection(ExtensibilityGlobals) = postSolution
		SolutionGuid = {795F9105-A175-44DE-AB99-8C3E6E9CFD14}
	EndGlobalSection
EndGlobal
